
Microsoft Visual Studio Solution File, Format Version 12.00
# Visual Studio Version 17
VisualStudioVersion = 17.14.35906.104 d17.14
MinimumVisualStudioVersion = 10.0.40219.1
Project("{FAE04EC0-301F-11D3-BF4B-00C04F79EFBC}") = "MigrationTests.API", "MigrationTests.API\MigrationTests.API.csproj", "{252B2092-E9C7-4DF3-92D5-B81E955014F3}"
EndProject
Project("{FAE04EC0-301F-11D3-BF4B-00C04F79EFBC}") = "MIgrationTests.Test", "MIgrationTests.Test\MIgrationTests.Test.csproj", "{82D8553B-F722-4090-9AD7-8BE55B0A13E1}"
EndProject
Global
	GlobalSection(SolutionConfigurationPlatforms) = preSolution
		Debug|Any CPU = Debug|Any CPU
		Release|Any CPU = Release|Any CPU
	EndGlobalSection
	GlobalSection(ProjectConfigurationPlatforms) = postSolution
		{252B2092-E9C7-4DF3-92D5-B81E955014F3}.Debug|Any CPU.ActiveCfg = Debug|Any CPU
		{252B2092-E9C7-4DF3-92D5-B81E955014F3}.Debug|Any CPU.Build.0 = Debug|Any CPU
		{252B2092-E9C7-4DF3-92D5-B81E955014F3}.Release|Any CPU.ActiveCfg = Release|Any CPU
		{252B2092-E9C7-4DF3-92D5-B81E955014F3}.Release|Any CPU.Build.0 = Release|Any CPU
		{82D8553B-F722-4090-9AD7-8BE55B0A13E1}.Debug|Any CPU.ActiveCfg = Debug|Any CPU
		{82D8553B-F722-4090-9AD7-8BE55B0A13E1}.Debug|Any CPU.Build.0 = Debug|Any CPU
		{82D8553B-F722-4090-9AD7-8BE55B0A13E1}.Release|Any CPU.ActiveCfg = Release|Any CPU
		{82D8553B-F722-4090-9AD7-8BE55B0A13E1}.Release|Any CPU.Build.0 = Release|Any CPU
	EndGlobalSection
	GlobalSection(SolutionProperties) = preSolution
		HideSolutionNode = FALSE
	EndGlobalSection
	GlobalSection(ExtensibilityGlobals) = postSolution
		SolutionGuid = {18455800-1397-4567-86FB-58292156D092}
	EndGlobalSection
EndGlobal
